
Microsoft Visual Studio Solution File, Format Version 12.00
# Visual Studio 14
VisualStudioVersion = 14.0.25420.1
MinimumVisualStudioVersion = 10.0.40219.1
Project("{FAE04EC0-301F-11D3-BF4B-00C04F79EFBC}") = "Petersen.CustomConfiguration", "Petersen.CustomConfiguration\Petersen.CustomConfiguration.csproj", "{28ABE176-DAE3-4409-87AB-41543805EEE8}"
EndProject
Project("{FAE04EC0-301F-11D3-BF4B-00C04F79EFBC}") = "Petersen.ConsoleApplicationTest", "Petersen.ConsoleApplicationTest\Petersen.ConsoleApplicationTest.csproj", "{FA4DC42F-BE98-4B9A-9607-31ED27B63755}"
EndProject
Global
	GlobalSection(SolutionConfigurationPlatforms) = preSolution
		Debug|Any CPU = Debug|Any CPU
		Release|Any CPU = Release|Any CPU
	EndGlobalSection
	GlobalSection(ProjectConfigurationPlatforms) = postSolution
		{28ABE176-DAE3-4409-87AB-41543805EEE8}.Debug|Any CPU.ActiveCfg = Debug|Any CPU
		{28ABE176-DAE3-4409-87AB-41543805EEE8}.Debug|Any CPU.Build.0 = Debug|Any CPU
		{28ABE176-DAE3-4409-87AB-41543805EEE8}.Release|Any CPU.ActiveCfg = Release|Any CPU
		{28ABE176-DAE3-4409-87AB-41543805EEE8}.Release|Any CPU.Build.0 = Release|Any CPU
		{FA4DC42F-BE98-4B9A-9607-31ED27B63755}.Debug|Any CPU.ActiveCfg = Debug|Any CPU
		{FA4DC42F-BE98-4B9A-9607-31ED27B63755}.Debug|Any CPU.Build.0 = Debug|Any CPU
		{FA4DC42F-BE98-4B9A-9607-31ED27B63755}.Release|Any CPU.ActiveCfg = Release|Any CPU
		{FA4DC42F-BE98-4B9A-9607-31ED27B63755}.Release|Any CPU.Build.0 = Release|Any CPU
	EndGlobalSection
	GlobalSection(SolutionProperties) = preSolution
		HideSolutionNode = FALSE
	EndGlobalSection
EndGlobal
